
Microsoft Visual Studio Solution File, Format Version 12.00
# Visual Studio Version 16
VisualStudioVersion = 16.0.30114.105
MinimumVisualStudioVersion = 10.0.40219.1
Project("{2150E333-8FDC-42A3-9474-1A3956D46DE8}") = "src", "src", "{388B742E-D136-487A-88A3-EFA3F8E8F7BC}"
EndProject
Project("{FAE04EC0-301F-11D3-BF4B-00C04F79EFBC}") = "Rewind", "src\Rewind\Rewind.csproj", "{A5937F17-AF57-410A-A5E8-DCC5F7828E58}"
EndProject
Project("{2150E333-8FDC-42A3-9474-1A3956D46DE8}") = "test", "test", "{4C6086D8-3510-49F8-8F96-9DD90DC028FE}"
EndProject
Project("{FAE04EC0-301F-11D3-BF4B-00C04F79EFBC}") = "Rewind.Tests", "test\Rewind.Tests\Rewind.Tests.csproj", "{D2748C60-1C7A-496F-8AA7-E97EFBBFFF1F}"
EndProject
Global
	GlobalSection(SolutionConfigurationPlatforms) = preSolution
		Debug|Any CPU = Debug|Any CPU
		Release|Any CPU = Release|Any CPU
	EndGlobalSection
	GlobalSection(SolutionProperties) = preSolution
		HideSolutionNode = FALSE
	EndGlobalSection
	GlobalSection(ProjectConfigurationPlatforms) = postSolution
		{A5937F17-AF57-410A-A5E8-DCC5F7828E58}.Debug|Any CPU.ActiveCfg = Debug|Any CPU
		{A5937F17-AF57-410A-A5E8-DCC5F7828E58}.Debug|Any CPU.Build.0 = Debug|Any CPU
		{A5937F17-AF57-410A-A5E8-DCC5F7828E58}.Release|Any CPU.ActiveCfg = Release|Any CPU
		{A5937F17-AF57-410A-A5E8-DCC5F7828E58}.Release|Any CPU.Build.0 = Release|Any CPU
		{D2748C60-1C7A-496F-8AA7-E97EFBBFFF1F}.Debug|Any CPU.ActiveCfg = Debug|Any CPU
		{D2748C60-1C7A-496F-8AA7-E97EFBBFFF1F}.Debug|Any CPU.Build.0 = Debug|Any CPU
		{D2748C60-1C7A-496F-8AA7-E97EFBBFFF1F}.Release|Any CPU.ActiveCfg = Release|Any CPU
		{D2748C60-1C7A-496F-8AA7-E97EFBBFFF1F}.Release|Any CPU.Build.0 = Release|Any CPU
	EndGlobalSection
	GlobalSection(NestedProjects) = preSolution
		{A5937F17-AF57-410A-A5E8-DCC5F7828E58} = {388B742E-D136-487A-88A3-EFA3F8E8F7BC}
		{D2748C60-1C7A-496F-8AA7-E97EFBBFFF1F} = {4C6086D8-3510-49F8-8F96-9DD90DC028FE}
	EndGlobalSection
EndGlobal
